
Microsoft Visual Studio Solution File, Format Version 12.00
# Visual Studio 15
Project("{FAE04EC0-301F-11D3-BF4B-00C04F79EFBC}") = "SimpleFileBrowser.Runtime", "SimpleFileBrowser.Runtime.csproj", "{4E65203E-9478-B8F9-9D34-4131F21379A2}"
EndProject
Project("{FAE04EC0-301F-11D3-BF4B-00C04F79EFBC}") = "Assembly-CSharp", "Assembly-CSharp.csproj", "{2DFD4659-3636-E81C-523D-BB69DEE50035}"
EndProject
Project("{FAE04EC0-301F-11D3-BF4B-00C04F79EFBC}") = "Assembly-CSharp-firstpass", "Assembly-CSharp-firstpass.csproj", "{6051A0E7-2798-BA57-6E6E-D477B35CB4F5}"
EndProject
Project("{FAE04EC0-301F-11D3-BF4B-00C04F79EFBC}") = "Ink-Libraries", "Ink-Libraries.csproj", "{DC412F71-47AC-9B20-CF2C-CA607222A406}"
EndProject
Project("{FAE04EC0-301F-11D3-BF4B-00C04F79EFBC}") = "InkEditor", "InkEditor.csproj", "{F4EBD1E3-A4EC-88DE-530D-FC6C836EB6B7}"
EndProject
Project("{FAE04EC0-301F-11D3-BF4B-00C04F79EFBC}") = "Assembly-CSharp-Editor", "Assembly-CSharp-Editor.csproj", "{0E040805-98E1-DA3F-6BE1-AC71CA2363CF}"
EndProject
Global
	GlobalSection(SolutionConfigurationPlatforms) = preSolution
		Debug|Any CPU = Debug|Any CPU
		Release|Any CPU = Release|Any CPU
	EndGlobalSection
	GlobalSection(ProjectConfigurationPlatforms) = postSolution
		{4E65203E-9478-B8F9-9D34-4131F21379A2}.Debug|Any CPU.ActiveCfg = Debug|Any CPU
		{4E65203E-9478-B8F9-9D34-4131F21379A2}.Debug|Any CPU.Build.0 = Debug|Any CPU
		{4E65203E-9478-B8F9-9D34-4131F21379A2}.Release|Any CPU.ActiveCfg = Release|Any CPU
		{4E65203E-9478-B8F9-9D34-4131F21379A2}.Release|Any CPU.Build.0 = Release|Any CPU
		{2DFD4659-3636-E81C-523D-BB69DEE50035}.Debug|Any CPU.ActiveCfg = Debug|Any CPU
		{2DFD4659-3636-E81C-523D-BB69DEE50035}.Debug|Any CPU.Build.0 = Debug|Any CPU
		{2DFD4659-3636-E81C-523D-BB69DEE50035}.Release|Any CPU.ActiveCfg = Release|Any CPU
		{2DFD4659-3636-E81C-523D-BB69DEE50035}.Release|Any CPU.Build.0 = Release|Any CPU
		{6051A0E7-2798-BA57-6E6E-D477B35CB4F5}.Debug|Any CPU.ActiveCfg = Debug|Any CPU
		{6051A0E7-2798-BA57-6E6E-D477B35CB4F5}.Debug|Any CPU.Build.0 = Debug|Any CPU
		{6051A0E7-2798-BA57-6E6E-D477B35CB4F5}.Release|Any CPU.ActiveCfg = Release|Any CPU
		{6051A0E7-2798-BA57-6E6E-D477B35CB4F5}.Release|Any CPU.Build.0 = Release|Any CPU
		{DC412F71-47AC-9B20-CF2C-CA607222A406}.Debug|Any CPU.ActiveCfg = Debug|Any CPU
		{DC412F71-47AC-9B20-CF2C-CA607222A406}.Debug|Any CPU.Build.0 = Debug|Any CPU
		{DC412F71-47AC-9B20-CF2C-CA607222A406}.Release|Any CPU.ActiveCfg = Release|Any CPU
		{DC412F71-47AC-9B20-CF2C-CA607222A406}.Release|Any CPU.Build.0 = Release|Any CPU
		{F4EBD1E3-A4EC-88DE-530D-FC6C836EB6B7}.Debug|Any CPU.ActiveCfg = Debug|Any CPU
		{F4EBD1E3-A4EC-88DE-530D-FC6C836EB6B7}.Debug|Any CPU.Build.0 = Debug|Any CPU
		{F4EBD1E3-A4EC-88DE-530D-FC6C836EB6B7}.Release|Any CPU.ActiveCfg = Release|Any CPU
		{F4EBD1E3-A4EC-88DE-530D-FC6C836EB6B7}.Release|Any CPU.Build.0 = Release|Any CPU
		{0E040805-98E1-DA3F-6BE1-AC71CA2363CF}.Debug|Any CPU.ActiveCfg = Debug|Any CPU
		{0E040805-98E1-DA3F-6BE1-AC71CA2363CF}.Debug|Any CPU.Build.0 = Debug|Any CPU
		{0E040805-98E1-DA3F-6BE1-AC71CA2363CF}.Release|Any CPU.ActiveCfg = Release|Any CPU
		{0E040805-98E1-DA3F-6BE1-AC71CA2363CF}.Release|Any CPU.Build.0 = Release|Any CPU
	EndGlobalSection
	GlobalSection(SolutionProperties) = preSolution
		HideSolutionNode = FALSE
	EndGlobalSection
EndGlobal
